
Microsoft Visual Studio Solution File, Format Version 12.00
# Visual Studio Version 17
VisualStudioVersion = 17.9.34728.123
MinimumVisualStudioVersion = 10.0.40219.1
Project("{9A19103F-16F7-4668-BE54-9A1E7A4F7556}") = "SCsProjectMaster", "SCsProjectMaster.csproj", "{DED4245F-81E5-4FE3-9656-EBE39B82CF23}"
EndProject
Global
	GlobalSection(SolutionConfigurationPlatforms) = preSolution
		Debug|Any CPU = Debug|Any CPU
		Release|Any CPU = Release|Any CPU
	EndGlobalSection
	GlobalSection(ProjectConfigurationPlatforms) = postSolution
		{DED4245F-81E5-4FE3-9656-EBE39B82CF23}.Debug|Any CPU.ActiveCfg = Debug|Any CPU
		{DED4245F-81E5-4FE3-9656-EBE39B82CF23}.Debug|Any CPU.Build.0 = Debug|Any CPU
		{DED4245F-81E5-4FE3-9656-EBE39B82CF23}.Debug|Any CPU.Deploy.0 = Debug|Any CPU
		{DED4245F-81E5-4FE3-9656-EBE39B82CF23}.Release|Any CPU.ActiveCfg = Release|Any CPU
		{DED4245F-81E5-4FE3-9656-EBE39B82CF23}.Release|Any CPU.Build.0 = Release|Any CPU
		{DED4245F-81E5-4FE3-9656-EBE39B82CF23}.Release|Any CPU.Deploy.0 = Release|Any CPU
	EndGlobalSection
	GlobalSection(SolutionProperties) = preSolution
		HideSolutionNode = FALSE
	EndGlobalSection
	GlobalSection(ExtensibilityGlobals) = postSolution
		SolutionGuid = {8BC5AF4B-C14B-443D-83FA-294082023551}
	EndGlobalSection
EndGlobal
